
Microsoft Visual Studio Solution File, Format Version 12.00
# Visual Studio 15
VisualStudioVersion = 15.0.28307.1062
MinimumVisualStudioVersion = 10.0.40219.1
Project("{8BC9CEB8-8B4A-11D0-8D11-00A0C91BC942}") = "4101", "4101\4101.vcxproj", "{6632A155-86CF-4A56-AF7F-C78406FD0FDE}"
EndProject
Global
	GlobalSection(SolutionConfigurationPlatforms) = preSolution
		Debug|x64 = Debug|x64
		Debug|x86 = Debug|x86
		Release|x64 = Release|x64
		Release|x86 = Release|x86
	EndGlobalSection
	GlobalSection(ProjectConfigurationPlatforms) = postSolution
		{6632A155-86CF-4A56-AF7F-C78406FD0FDE}.Debug|x64.ActiveCfg = Debug|x64
		{6632A155-86CF-4A56-AF7F-C78406FD0FDE}.Debug|x64.Build.0 = Debug|x64
		{6632A155-86CF-4A56-AF7F-C78406FD0FDE}.Debug|x86.ActiveCfg = Debug|Win32
		{6632A155-86CF-4A56-AF7F-C78406FD0FDE}.Debug|x86.Build.0 = Debug|Win32
		{6632A155-86CF-4A56-AF7F-C78406FD0FDE}.Release|x64.ActiveCfg = Release|x64
		{6632A155-86CF-4A56-AF7F-C78406FD0FDE}.Release|x64.Build.0 = Release|x64
		{6632A155-86CF-4A56-AF7F-C78406FD0FDE}.Release|x86.ActiveCfg = Release|Win32
		{6632A155-86CF-4A56-AF7F-C78406FD0FDE}.Release|x86.Build.0 = Release|Win32
	EndGlobalSection
	GlobalSection(SolutionProperties) = preSolution
		HideSolutionNode = FALSE
	EndGlobalSection
	GlobalSection(ExtensibilityGlobals) = postSolution
		SolutionGuid = {A918212B-64A9-4B13-813E-5978E2BA84B7}
	EndGlobalSection
EndGlobal
